// !$*UTF8*$!
{
	archiveVersion = 1;
	classes = {
	};
	objectVersion = 50;
	objects = {

/* Begin PBXBuildFile section */
		04FE64BC2255B91800AF27EC /* AppDelegate.m in Sources */ = {isa = PBXBuildFile; fileRef = 04FE64BB2255B91800AF27EC /* AppDelegate.m */; };
		04FE64BF2255B91800AF27EC /* ViewController.m in Sources */ = {isa = PBXBuildFile; fileRef = 04FE64BE2255B91800AF27EC /* ViewController.m */; };
		04FE64C22255B91800AF27EC /* Main.storyboard in Resources */ = {isa = PBXBuildFile; fileRef = 04FE64C02255B91800AF27EC /* Main.storyboard */; };
		04FE64C42255B91900AF27EC /* Assets.xcassets in Resources */ = {isa = PBXBuildFile; fileRef = 04FE64C32255B91900AF27EC /* Assets.xcassets */; };
		04FE64C72255B91900AF27EC /* LaunchScreen.storyboard in Resources */ = {isa = PBXBuildFile; fileRef = 04FE64C52255B91900AF27EC /* LaunchScreen.storyboard */; };
		04FE64CA2255B91900AF27EC /* main.m in Sources */ = {isa = PBXBuildFile; fileRef = 04FE64C92255B91900AF27EC /* main.m */; };
		04FE64D42255B91900AF27EC /* __Tests.m in Sources */ = {isa = PBXBuildFile; fileRef = 04FE64D32255B91900AF27EC /* __Tests.m */; };
		04FE64DF2255B91900AF27EC /* __UITests.m in Sources */ = {isa = PBXBuildFile; fileRef = 04FE64DE2255B91900AF27EC /* __UITests.m */; };
/* End PBXBuildFile section */

/* Begin PBXContainerItemProxy section */
		04FE64D02255B91900AF27EC /* PBXContainerItemProxy */ = {
			isa = PBXContainerItemProxy;
			containerPortal = 04FE64AF2255B91800AF27EC /* Project object */;
			proxyType = 1;
			remoteGlobalIDString = 04FE64B62255B91800AF27EC;
			remoteInfo = "测试";
		};
		04FE64DB2255B91900AF27EC /* PBXContainerItemProxy */ = {
			isa = PBXContainerItemProxy;
			containerPortal = 04FE64AF2255B91800AF27EC /* Project object */;
			proxyType = 1;
			remoteGlobalIDString = 04FE64B62255B91800AF27EC;
			remoteInfo = "测试";
		};
/* End PBXContainerItemProxy section */

/* Begin PBXFileReference section */
		04FE64B72255B91800AF27EC /* 测试.app */ = {isa = PBXFileReference; explicitFileType = wrapper.application; includeInIndex = 0; path = "测试.app"; sourceTree = BUILT_PRODUCTS_DIR; };
		04FE64BA2255B91800AF27EC /* AppDelegate.h */ = {isa = PBXFileReference; lastKnownFileType = sourcecode.c.h; path = AppDelegate.h; sourceTree = "<group>"; };
		04FE64BB2255B91800AF27EC /* AppDelegate.m */ = {isa = PBXFileReference; lastKnownFileType = sourcecode.c.objc; path = AppDelegate.m; sourceTree = "<group>"; };
		04FE64BD2255B91800AF27EC /* ViewController.h */ = {isa = PBXFileReference; lastKnownFileType = sourcecode.c.h; path = ViewController.h; sourceTree = "<group>"; };
		04FE64BE2255B91800AF27EC /* ViewController.m */ = {isa = PBXFileReference; lastKnownFileType = sourcecode.c.objc; path = ViewController.m; sourceTree = "<group>"; };
		04FE64C12255B91800AF27EC /* Base */ = {isa = PBXFileReference; lastKnownFileType = file.storyboard; name = Base; path = Base.lproj/Main.storyboard; sourceTree = "<group>"; };
		04FE64C32255B91900AF27EC /* Assets.xcassets */ = {isa = PBXFileReference; lastKnownFileType = folder.assetcatalog; path = Assets.xcassets; sourceTree = "<group>"; };
		04FE64C62255B91900AF27EC /* Base */ = {isa = PBXFileReference; lastKnownFileType = file.storyboard; name = Base; path = Base.lproj/LaunchScreen.storyboard; sourceTree = "<group>"; };
		04FE64C82255B91900AF27EC /* Info.plist */ = {isa = PBXFileReference; lastKnownFileType = text.plist.xml; path = Info.plist; sourceTree = "<group>"; };
		04FE64C92255B91900AF27EC /* main.m */ = {isa = PBXFileReference; lastKnownFileType = sourcecode.c.objc; path = main.m; sourceTree = "<group>"; };
		04FE64CF2255B91900AF27EC /* 测试Tests.xctest */ = {isa = PBXFileReference; explicitFileType = wrapper.cfbundle; includeInIndex = 0; path = "测试Tests.xctest"; sourceTree = BUILT_PRODUCTS_DIR; };
		04FE64D32255B91900AF27EC /* __Tests.m */ = {isa = PBXFileReference; lastKnownFileType = sourcecode.c.objc; path = __Tests.m; sourceTree = "<group>"; };
		04FE64D52255B91900AF27EC /* Info.plist */ = {isa = PBXFileReference; lastKnownFileType = text.plist.xml; path = Info.plist; sourceTree = "<group>"; };
		04FE64DA2255B91900AF27EC /* 测试UITests.xctest */ = {isa = PBXFileReference; explicitFileType = wrapper.cfbundle; includeInIndex = 0; path = "测试UITests.xctest"; sourceTree = BUILT_PRODUCTS_DIR; };
		04FE64DE2255B91900AF27EC /* __UITests.m */ = {isa = PBXFileReference; lastKnownFileType = sourcecode.c.objc; path = __UITests.m; sourceTree = "<group>"; };
		04FE64E02255B91900AF27EC /* Info.plist */ = {isa = PBXFileReference; lastKnownFileType = text.plist.xml; path = Info.plist; sourceTree = "<group>"; };
/* End PBXFileReference section */

/* Begin PBXFrameworksBuildPhase section */
		04FE64B42255B91800AF27EC /* Frameworks */ = {
			isa = PBXFrameworksBuildPhase;
			buildActionMask = 2147483647;
			files = (
			);
			runOnlyForDeploymentPostprocessing = 0;
		};
		04FE64CC2255B91900AF27EC /* Frameworks */ = {
			isa = PBXFrameworksBuildPhase;
			buildActionMask = 2147483647;
			files = (
			);
			runOnlyForDeploymentPostprocessing = 0;
		};
		04FE64D72255B91900AF27EC /* Frameworks */ = {
			isa = PBXFrameworksBuildPhase;
			buildActionMask = 2147483647;
			files = (
			);
			runOnlyForDeploymentPostprocessing = 0;
		};
/* End PBXFrameworksBuildPhase section */

/* Begin PBXGroup section */
		04FE64AE2255B91800AF27EC = {
			isa = PBXGroup;
			children = (
				04FE64B92255B91800AF27EC /* 测试 */,
				04FE64D22255B91900AF27EC /* 测试Tests */,
				04FE64DD2255B91900AF27EC /* 测试UITests */,
				04FE64B82255B91800AF27EC /* Products */,
			);
			sourceTree = "<group>";
		};
		04FE64B82255B91800AF27EC /* Products */ = {
			isa = PBXGroup;
			children = (
				04FE64B72255B91800AF27EC /* 测试.app */,
				04FE64CF2255B91900AF27EC /* 测试Tests.xctest */,
				04FE64DA2255B91900AF27EC /* 测试UITests.xctest */,
			);
			name = Products;
			sourceTree = "<group>";
		};
		04FE64B92255B91800AF27EC /* 测试 */ = {
			isa = PBXGroup;
			children = (
				04FE64BA2255B91800AF27EC /* AppDelegate.h */,
				04FE64BB2255B91800AF27EC /* AppDelegate.m */,
				04FE64BD2255B91800AF27EC /* ViewController.h */,
				04FE64BE2255B91800AF27EC /* ViewController.m */,
				04FE64C02255B91800AF27EC /* Main.storyboard */,
				04FE64C32255B91900AF27EC /* Assets.xcassets */,
				04FE64C52255B91900AF27EC /* LaunchScreen.storyboard */,
				04FE64C82255B91900AF27EC /* Info.plist */,
				04FE64C92255B91900AF27EC /* main.m */,
			);
			path = "测试";
			sourceTree = "<group>";
		};
		04FE64D22255B91900AF27EC /* 测试Tests */ = {
			isa = PBXGroup;
			children = (
				04FE64D32255B91900AF27EC /* __Tests.m */,
				04FE64D52255B91900AF27EC /* Info.plist */,
			);
			path = "测试Tests";
			sourceTree = "<group>";
		};
		04FE64DD2255B91900AF27EC /* 测试UITests */ = {
			isa = PBXGroup;
			children = (
				04FE64DE2255B91900AF27EC /* __UITests.m */,
				04FE64E02255B91900AF27EC /* Info.plist */,
			);
			path = "测试UITests";
			sourceTree = "<group>";
		};
/* End PBXGroup section */

/* Begin PBXNativeTarget section */
		04FE64B62255B91800AF27EC /* 测试 */ = {
			isa = PBXNativeTarget;
			buildConfigurationList = 04FE64E32255B91900AF27EC /* Build configuration list for PBXNativeTarget "测试" */;
			buildPhases = (
				04FE64B32255B91800AF27EC /* Sources */,
				04FE64B42255B91800AF27EC /* Frameworks */,
				04FE64B52255B91800AF27EC /* Resources */,
			);
			buildRules = (
			);
			dependencies = (
			);
			name = "测试";
			productName = "测试";
			productReference = 04FE64B72255B91800AF27EC /* 测试.app */;
			productType = "com.apple.product-type.application";
		};
		04FE64CE2255B91900AF27EC /* 测试Tests */ = {
			isa = PBXNativeTarget;
			buildConfigurationList = 04FE64E62255B91900AF27EC /* Build configuration list for PBXNativeTarget "测试Tests" */;
			buildPhases = (
				04FE64CB2255B91900AF27EC /* Sources */,
				04FE64CC2255B91900AF27EC /* Frameworks */,
				04FE64CD2255B91900AF27EC /* Resources */,
			);
			buildRules = (
			);
			dependencies = (
				04FE64D12255B91900AF27EC /* PBXTargetDependency */,
			);
			name = "测试Tests";
			productName = "测试Tests";
			productReference = 04FE64CF2255B91900AF27EC /* 测试Tests.xctest */;
			productType = "com.apple.product-type.bundle.unit-test";
		};
		04FE64D92255B91900AF27EC /* 测试UITests */ = {
			isa = PBXNativeTarget;
			buildConfigurationList = 04FE64E92255B91900AF27EC /* Build configuration list for PBXNativeTarget "测试UITests" */;
			buildPhases = (
				04FE64D62255B91900AF27EC /* Sources */,
				04FE64D72255B91900AF27EC /* Frameworks */,
				04FE64D82255B91900AF27EC /* Resources */,
			);
			buildRules = (
			);
			dependencies = (
				04FE64DC2255B91900AF27EC /* PBXTargetDependency */,
			);
			name = "测试UITests";
			productName = "测试UITests";
			productReference = 04FE64DA2255B91900AF27EC /* 测试UITests.xctest */;
			productType = "com.apple.product-type.bundle.ui-testing";
		};
/* End PBXNativeTarget section */

/* Begin PBXProject section */
		04FE64AF2255B91800AF27EC /* Project object */ = {
			isa = PBXProject;
			attributes = {
				LastUpgradeCheck = 0940;
				ORGANIZATIONNAME = mac;
				TargetAttributes = {
					04FE64B62255B91800AF27EC = {
						CreatedOnToolsVersion = 9.4.1;
					};
					04FE64CE2255B91900AF27EC = {
						CreatedOnToolsVersion = 9.4.1;
						TestTargetID = 04FE64B62255B91800AF27EC;
					};
					04FE64D92255B91900AF27EC = {
						CreatedOnToolsVersion = 9.4.1;
						TestTargetID = 04FE64B62255B91800AF27EC;
					};
				};
			};
			buildConfigurationList = 04FE64B22255B91800AF27EC /* Build configuration list for PBXProject "测试" */;
			compatibilityVersion = "Xcode 9.3";
			developmentRegion = en;
			hasScannedForEncodings = 0;
			knownRegions = (
				en,
				Base,
			);
			mainGroup = 04FE64AE2255B91800AF27EC;
			productRefGroup = 04FE64B82255B91800AF27EC /* Products */;
			projectDirPath = "";
			projectRoot = "";
			targets = (
				04FE64B62255B91800AF27EC /* 测试 */,
				04FE64CE2255B91900AF27EC /* 测试Tests */,
				04FE64D92255B91900AF27EC /* 测试UITests */,
			);
		};
/* End PBXProject section */

/* Begin PBXResourcesBuildPhase section */
		04FE64B52255B91800AF27EC /* Resources */ = {
			isa = PBXResourcesBuildPhase;
			buildActionMask = 2147483647;
			files = (
				04FE64C72255B91900AF27EC /* LaunchScreen.storyboard in Resources */,
				04FE64C42255B91900AF27EC /* Assets.xcassets in Resources */,
				04FE64C22255B91800AF27EC /* Main.storyboard in Resources */,
			);
			runOnlyForDeploymentPostprocessing = 0;
		};
		04FE64CD2255B91900AF27EC /* Resources */ = {
			isa = PBXResourcesBuildPhase;
			buildActionMask = 2147483647;
			files = (
			);
			runOnlyForDeploymentPostprocessing = 0;
		};
		04FE64D82255B91900AF27EC /* Resources */ = {
			isa = PBXResourcesBuildPhase;
			buildActionMask = 2147483647;
			files = (
			);
			runOnlyForDeploymentPostprocessing = 0;
		};
/* End PBXResourcesBuildPhase section */

/* Begin PBXSourcesBuildPhase section */
		04FE64B32255B91800AF27EC /* Sources */ = {
			isa = PBXSourcesBuildPhase;
			buildActionMask = 2147483647;
			files = (
				04FE64BF2255B91800AF27EC /* ViewController.m in Sources */,
				04FE64CA2255B91900AF27EC /* main.m in Sources */,
				04FE64BC2255B91800AF27EC /* AppDelegate.m in Sources */,
			);
			runOnlyForDeploymentPostprocessing = 0;
		};
		04FE64CB2255B91900AF27EC /* Sources */ = {
			isa = PBXSourcesBuildPhase;
			buildActionMask = 2147483647;
			files = (
				04FE64D42255B91900AF27EC /* __Tests.m in Sources */,
			);
			runOnlyForDeploymentPostprocessing = 0;
		};
		04FE64D62255B91900AF27EC /* Sources */ = {
			isa = PBXSourcesBuildPhase;
			buildActionMask = 2147483647;
			files = (
				04FE64DF2255B91900AF27EC /* __UITests.m in Sources */,
			);
			runOnlyForDeploymentPostprocessing = 0;
		};
/* End PBXSourcesBuildPhase section */

/* Begin PBXTargetDependency section */
		04FE64D12255B91900AF27EC /* PBXTargetDependency */ = {
			isa = PBXTargetDependency;
			target = 04FE64B62255B91800AF27EC /* 测试 */;
			targetProxy = 04FE64D02255B91900AF27EC /* PBXContainerItemProxy */;
		};
		04FE64DC2255B91900AF27EC /* PBXTargetDependency */ = {
			isa = PBXTargetDependency;
			target = 04FE64B62255B91800AF27EC /* 测试 */;
			targetProxy = 04FE64DB2255B91900AF27EC /* PBXContainerItemProxy */;
		};
/* End PBXTargetDependency section */

/* Begin PBXVariantGroup section */
		04FE64C02255B91800AF27EC /* Main.storyboard */ = {
			isa = PBXVariantGroup;
			children = (
				04FE64C12255B91800AF27EC /* Base */,
			);
			name = Main.storyboard;
			sourceTree = "<group>";
		};
		04FE64C52255B91900AF27EC /* LaunchScreen.storyboard */ = {
			isa = PBXVariantGroup;
			children = (
				04FE64C62255B91900AF27EC /* Base */,
			);
			name = LaunchScreen.storyboard;
			sourceTree = "<group>";
		};
/* End PBXVariantGroup section */

/* Begin XCBuildConfiguration section */
		04FE64E12255B91900AF27EC /* Debug */ = {
			isa = XCBuildConfiguration;
			buildSettings = {
				ALWAYS_SEARCH_USER_PATHS = NO;
				CLANG_ANALYZER_NONNULL = YES;
				CLANG_ANALYZER_NUMBER_OBJECT_CONVERSION = YES_AGGRESSIVE;
				CLANG_CXX_LANGUAGE_STANDARD = "gnu++14";
				CLANG_CXX_LIBRARY = "libc++";
				CLANG_ENABLE_MODULES = YES;
				CLANG_ENABLE_OBJC_ARC = YES;
				CLANG_ENABLE_OBJC_WEAK = YES;
				CLANG_WARN_BLOCK_CAPTURE_AUTORELEASING = YES;
				CLANG_WARN_BOOL_CONVERSION = YES;
				CLANG_WARN_COMMA = YES;
				CLANG_WARN_CONSTANT_CONVERSION = YES;
				CLANG_WARN_DEPRECATED_OBJC_IMPLEMENTATIONS = YES;
				CLANG_WARN_DIRECT_OBJC_ISA_USAGE = YES_ERROR;
				CLANG_WARN_DOCUMENTATION_COMMENTS = YES;
				CLANG_WARN_EMPTY_BODY = YES;
				CLANG_WARN_ENUM_CONVERSION = YES;
				CLANG_WARN_INFINITE_RECURSION = YES;
				CLANG_WARN_INT_CONVERSION = YES;
				CLANG_WARN_NON_LITERAL_NULL_CONVERSION = YES;
				CLANG_WARN_OBJC_IMPLICIT_RETAIN_SELF = YES;
				CLANG_WARN_OBJC_LITERAL_CONVERSION = YES;
				CLANG_WARN_OBJC_ROOT_CLASS = YES_ERROR;
				CLANG_WARN_RANGE_LOOP_ANALYSIS = YES;
				CLANG_WARN_STRICT_PROTOTYPES = YES;
				CLANG_WARN_SUSPICIOUS_MOVE = YES;
				CLANG_WARN_UNGUARDED_AVAILABILITY = YES_AGGRESSIVE;
				CLANG_WARN_UNREACHABLE_CODE = YES;
				CLANG_WARN__DUPLICATE_METHOD_MATCH = YES;
				CODE_SIGN_IDENTITY = "iPhone Developer";
				COPY_PHASE_STRIP = NO;
				DEBUG_INFORMATION_FORMAT = dwarf;
				ENABLE_STRICT_OBJC_MSGSEND = YES;
				ENABLE_TESTABILITY = YES;
				GCC_C_LANGUAGE_STANDARD = gnu11;
				GCC_DYNAMIC_NO_PIC = NO;
				GCC_NO_COMMON_BLOCKS = YES;
				GCC_OPTIMIZATION_LEVEL = 0;
				GCC_PREPROCESSOR_DEFINITIONS = (
					"DEBUG=1",
					"$(inherited)",
				);
				GCC_WARN_64_TO_32_BIT_CONVERSION = YES;
				GCC_WARN_ABOUT_RETURN_TYPE = YES_ERROR;
				GCC_WARN_UNDECLARED_SELECTOR = YES;
				GCC_WARN_UNINITIALIZED_AUTOS = YES_AGGRESSIVE;
				GCC_WARN_UNUSED_FUNCTION = YES;
				GCC_WARN_UNUSED_VARIABLE = YES;
				IPHONEOS_DEPLOYMENT_TARGET = 11.4;
				MTL_ENABLE_DEBUG_INFO = YES;
				ONLY_ACTIVE_ARCH = YES;
				SDKROOT = iphoneos;
			};
			name = Debug;
		};
		04FE64E22255B91900AF27EC /* Release */ = {
			isa = XCBuildConfiguration;
			buildSettings = {
				ALWAYS_SEARCH_USER_PATHS = NO;
				CLANG_ANALYZER_NONNULL = YES;
				CLANG_ANALYZER_NUMBER_OBJECT_CONVERSION = YES_AGGRESSIVE;
				CLANG_CXX_LANGUAGE_STANDARD = "gnu++14";
				CLANG_CXX_LIBRARY = "libc++";
				CLANG_ENABLE_MODULES = YES;
				CLANG_ENABLE_OBJC_ARC = YES;
				CLANG_ENABLE_OBJC_WEAK = YES;
				CLANG_WARN_BLOCK_CAPTURE_AUTORELEASING = YES;
				CLANG_WARN_BOOL_CONVERSION = YES;
				CLANG_WARN_COMMA = YES;
				CLANG_WARN_CONSTANT_CONVERSION = YES;
				CLANG_WARN_DEPRECATED_OBJC_IMPLEMENTATIONS = YES;
				CLANG_WARN_DIRECT_OBJC_ISA_USAGE = YES_ERROR;
				CLANG_WARN_DOCUMENTATION_COMMENTS = YES;
				CLANG_WARN_EMPTY_BODY = YES;
				CLANG_WARN_ENUM_CONVERSION = YES;
				CLANG_WARN_INFINITE_RECURSION = YES;
				CLANG_WARN_INT_CONVERSION = YES;
				CLANG_WARN_NON_LITERAL_NULL_CONVERSION = YES;
				CLANG_WARN_OBJC_IMPLICIT_RETAIN_SELF = YES;
				CLANG_WARN_OBJC_LITERAL_CONVERSION = YES;
				CLANG_WARN_OBJC_ROOT_CLASS = YES_ERROR;
				CLANG_WARN_RANGE_LOOP_ANALYSIS = YES;
				CLANG_WARN_STRICT_PROTOTYPES = YES;
				CLANG_WARN_SUSPICIOUS_MOVE = YES;
				CLANG_WARN_UNGUARDED_AVAILABILITY = YES_AGGRESSIVE;
				CLANG_WARN_UNREACHABLE_CODE = YES;
				CLANG_WARN__DUPLICATE_METHOD_MATCH = YES;
				CODE_SIGN_IDENTITY = "iPhone Developer";
				COPY_PHASE_STRIP = NO;
				DEBUG_INFORMATION_FORMAT = "dwarf-with-dsym";
				ENABLE_NS_ASSERTIONS = NO;
				ENABLE_STRICT_OBJC_MSGSEND = YES;
				GCC_C_LANGUAGE_STANDARD = gnu11;
				GCC_NO_COMMON_BLOCKS = YES;
				GCC_WARN_64_TO_32_BIT_CONVERSION = YES;
				GCC_WARN_ABOUT_RETURN_TYPE = YES_ERROR;
				GCC_WARN_UNDECLARED_SELECTOR = YES;
				GCC_WARN_UNINITIALIZED_AUTOS = YES_AGGRESSIVE;
				GCC_WARN_UNUSED_FUNCTION = YES;
				GCC_WARN_UNUSED_VARIABLE = YES;
				IPHONEOS_DEPLOYMENT_TARGET = 11.4;
				MTL_ENABLE_DEBUG_INFO = NO;
				SDKROOT = iphoneos;
				VALIDATE_PRODUCT = YES;
			};
			name = Release;
		};
		04FE64E42255B91900AF27EC /* Debug */ = {
			isa = XCBuildConfiguration;
			buildSettings = {
				ASSETCATALOG_COMPILER_APPICON_NAME = AppIcon;
				CODE_SIGN_STYLE = Automatic;
				INFOPLIST_FILE = "测试/Info.plist";
				LD_RUNPATH_SEARCH_PATHS = (
					"$(inherited)",
					"@executable_path/Frameworks",
				);
				PRODUCT_BUNDLE_IDENTIFIER = "charls.--";
				PRODUCT_NAME = "$(TARGET_NAME)";
				TARGETED_DEVICE_FAMILY = "1,2";
			};
			name = Debug;
		};
		04FE64E52255B91900AF27EC /* Release */ = {
			isa = XCBuildConfiguration;
			buildSettings = {
				ASSETCATALOG_COMPILER_APPICON_NAME = AppIcon;
				CODE_SIGN_STYLE = Automatic;
				INFOPLIST_FILE = "测试/Info.plist";
				LD_RUNPATH_SEARCH_PATHS = (
					"$(inherited)",
					"@executable_path/Frameworks",
				);
				PRODUCT_BUNDLE_IDENTIFIER = "charls.--";
				PRODUCT_NAME = "$(TARGET_NAME)";
				TARGETED_DEVICE_FAMILY = "1,2";
			};
			name = Release;
		};
		04FE64E72255B91900AF27EC /* Debug */ = {
			isa = XCBuildConfiguration;
			buildSettings = {
				BUNDLE_LOADER = "$(TEST_HOST)";
				CODE_SIGN_STYLE = Automatic;
				INFOPLIST_FILE = "测试Tests/Info.plist";
				LD_RUNPATH_SEARCH_PATHS = (
					"$(inherited)",
					"@executable_path/Frameworks",
					"@loader_path/Frameworks",
				);
				PRODUCT_BUNDLE_IDENTIFIER = "charls.--Tests";
				PRODUCT_NAME = "$(TARGET_NAME)";
				TARGETED_DEVICE_FAMILY = "1,2";
				TEST_HOST = "$(BUILT_PRODUCTS_DIR)/测试.app/测试";
			};
			name = Debug;
		};
		04FE64E82255B91900AF27EC /* Release */ = {
			isa = XCBuildConfiguration;
			buildSettings = {
				BUNDLE_LOADER = "$(TEST_HOST)";
				CODE_SIGN_STYLE = Automatic;
				INFOPLIST_FILE = "测试Tests/Info.plist";
				LD_RUNPATH_SEARCH_PATHS = (
					"$(inherited)",
					"@executable_path/Frameworks",
					"@loader_path/Frameworks",
				);
				PRODUCT_BUNDLE_IDENTIFIER = "charls.--Tests";
				PRODUCT_NAME = "$(TARGET_NAME)";
				TARGETED_DEVICE_FAMILY = "1,2";
				TEST_HOST = "$(BUILT_PRODUCTS_DIR)/测试.app/测试";
			};
			name = Release;
		};
		04FE64EA2255B91900AF27EC /* Debug */ = {
			isa = XCBuildConfiguration;
			buildSettings = {
				CODE_SIGN_STYLE = Automatic;
				INFOPLIST_FILE = "测试UITests/Info.plist";
				LD_RUNPATH_SEARCH_PATHS = (
					"$(inherited)",
					"@executable_path/Frameworks",
					"@loader_path/Frameworks",
				);
				PRODUCT_BUNDLE_IDENTIFIER = "charls.--UITests";
				PRODUCT_NAME = "$(TARGET_NAME)";
				TARGETED_DEVICE_FAMILY = "1,2";
				TEST_TARGET_NAME = "测试";
			};
			name = Debug;
		};
		04FE64EB2255B91900AF27EC /* Release */ = {
			isa = XCBuildConfiguration;
			buildSettings = {
				CODE_SIGN_STYLE = Automatic;
				INFOPLIST_FILE = "测试UITests/Info.plist";
				LD_RUNPATH_SEARCH_PATHS = (
					"$(inherited)",
					"@executable_path/Frameworks",
					"@loader_path/Frameworks",
				);
				PRODUCT_BUNDLE_IDENTIFIER = "charls.--UITests";
				PRODUCT_NAME = "$(TARGET_NAME)";
				TARGETED_DEVICE_FAMILY = "1,2";
				TEST_TARGET_NAME = "测试";
			};
			name = Release;
		};
/* End XCBuildConfiguration section */

/* Begin XCConfigurationList section */
		04FE64B22255B91800AF27EC /* Build configuration list for PBXProject "测试" */ = {
			isa = XCConfigurationList;
			buildConfigurations = (
				04FE64E12255B91900AF27EC /* Debug */,
				04FE64E22255B91900AF27EC /* Release */,
			);
			defaultConfigurationIsVisible = 0;
			defaultConfigurationName = Release;
		};
		04FE64E32255B91900AF27EC /* Build configuration list for PBXNativeTarget "测试" */ = {
			isa = XCConfigurationList;
			buildConfigurations = (
				04FE64E42255B91900AF27EC /* Debug */,
				04FE64E52255B91900AF27EC /* Release */,
			);
			defaultConfigurationIsVisible = 0;
			defaultConfigurationName = Release;
		};
		04FE64E62255B91900AF27EC /* Build configuration list for PBXNativeTarget "测试Tests" */ = {
			isa = XCConfigurationList;
			buildConfigurations = (
				04FE64E72255B91900AF27EC /* Debug */,
				04FE64E82255B91900AF27EC /* Release */,
			);
			defaultConfigurationIsVisible = 0;
			defaultConfigurationName = Release;
		};
		04FE64E92255B91900AF27EC /* Build configuration list for PBXNativeTarget "测试UITests" */ = {
			isa = XCConfigurationList;
			buildConfigurations = (
				04FE64EA2255B91900AF27EC /* Debug */,
				04FE64EB2255B91900AF27EC /* Release */,
			);
			defaultConfigurationIsVisible = 0;
			defaultConfigurationName = Release;
		};
/* End XCConfigurationList section */
	};
	rootObject = 04FE64AF2255B91800AF27EC /* Project object */;
}
